
Microsoft Visual Studio Solution File, Format Version 12.00
Project("{FAE04EC0-301F-11D3-BF4B-00C04F79EFBC}") = "Programmers", "Programmers\Programmers.csproj", "{D22722F5-510A-411A-A7E1-2E57C4D1B296}"
EndProject
Global
	GlobalSection(SolutionConfigurationPlatforms) = preSolution
		Debug|Any CPU = Debug|Any CPU
		Release|Any CPU = Release|Any CPU
	EndGlobalSection
	GlobalSection(ProjectConfigurationPlatforms) = postSolution
		{D22722F5-510A-411A-A7E1-2E57C4D1B296}.Debug|Any CPU.ActiveCfg = Debug|Any CPU
		{D22722F5-510A-411A-A7E1-2E57C4D1B296}.Debug|Any CPU.Build.0 = Debug|Any CPU
		{D22722F5-510A-411A-A7E1-2E57C4D1B296}.Release|Any CPU.ActiveCfg = Release|Any CPU
		{D22722F5-510A-411A-A7E1-2E57C4D1B296}.Release|Any CPU.Build.0 = Release|Any CPU
	EndGlobalSection
EndGlobal
